
Microsoft Visual Studio Solution File, Format Version 12.00
# Visual Studio Version 16
VisualStudioVersion = 16.0.32228.343
MinimumVisualStudioVersion = 10.0.40219.1
Project("{FAE04EC0-301F-11D3-BF4B-00C04F79EFBC}") = "myCpractice", "myCpractice\myCpractice.csproj", "{9925E2D3-9E81-4302-B064-A00408E2FE0E}"
EndProject
Global
	GlobalSection(SolutionConfigurationPlatforms) = preSolution
		Debug|Any CPU = Debug|Any CPU
		Release|Any CPU = Release|Any CPU
	EndGlobalSection
	GlobalSection(ProjectConfigurationPlatforms) = postSolution
		{9925E2D3-9E81-4302-B064-A00408E2FE0E}.Debug|Any CPU.ActiveCfg = Debug|Any CPU
		{9925E2D3-9E81-4302-B064-A00408E2FE0E}.Debug|Any CPU.Build.0 = Debug|Any CPU
		{9925E2D3-9E81-4302-B064-A00408E2FE0E}.Release|Any CPU.ActiveCfg = Release|Any CPU
		{9925E2D3-9E81-4302-B064-A00408E2FE0E}.Release|Any CPU.Build.0 = Release|Any CPU
	EndGlobalSection
	GlobalSection(SolutionProperties) = preSolution
		HideSolutionNode = FALSE
	EndGlobalSection
	GlobalSection(ExtensibilityGlobals) = postSolution
		SolutionGuid = {005365FD-0BD1-4EEA-941C-CF19CC53562C}
	EndGlobalSection
EndGlobal
